
Microsoft Visual Studio Solution File, Format Version 12.00
Project("{FAE04EC0-301F-11D3-BF4B-00C04F79EFBC}") = "Pharmacy", "Pharmacy\Pharmacy.csproj", "{34F0A682-1051-4A34-8132-E8529AADFE71}"
EndProject
Global
	GlobalSection(SolutionConfigurationPlatforms) = preSolution
		Debug|Any CPU = Debug|Any CPU
		Release|Any CPU = Release|Any CPU
	EndGlobalSection
	GlobalSection(ProjectConfigurationPlatforms) = postSolution
		{34F0A682-1051-4A34-8132-E8529AADFE71}.Debug|Any CPU.ActiveCfg = Debug|Any CPU
		{34F0A682-1051-4A34-8132-E8529AADFE71}.Debug|Any CPU.Build.0 = Debug|Any CPU
		{34F0A682-1051-4A34-8132-E8529AADFE71}.Release|Any CPU.ActiveCfg = Release|Any CPU
		{34F0A682-1051-4A34-8132-E8529AADFE71}.Release|Any CPU.Build.0 = Release|Any CPU
	EndGlobalSection
EndGlobal
